// !$*UTF8*$!
{
	archiveVersion = 1;
	classes = {
	};
	objectVersion = 46;
	objects = {

/* Begin PBXBuildFile section */
		A52046BD1AD8768800EEAFF4 /* main.m in Sources */ = {isa = PBXBuildFile; fileRef = A52046BC1AD8768800EEAFF4 /* main.m */; };
		A52046C01AD8768800EEAFF4 /* AppDelegate.m in Sources */ = {isa = PBXBuildFile; fileRef = A52046BF1AD8768800EEAFF4 /* AppDelegate.m */; };
		A52046C31AD8768800EEAFF4 /* ViewController.m in Sources */ = {isa = PBXBuildFile; fileRef = A52046C21AD8768800EEAFF4 /* ViewController.m */; };
		A52046C81AD8768800EEAFF4 /* Images.xcassets in Resources */ = {isa = PBXBuildFile; fileRef = A52046C71AD8768800EEAFF4 /* Images.xcassets */; };
		A52046D71AD8768800EEAFF4 /* ClockAlarmTests.m in Sources */ = {isa = PBXBuildFile; fileRef = A52046D61AD8768800EEAFF4 /* ClockAlarmTests.m */; };
		A52046E21AD8774700EEAFF4 /* rainbow-marble.jpg in Resources */ = {isa = PBXBuildFile; fileRef = A52046E01AD8774700EEAFF4 /* rainbow-marble.jpg */; };
		A52046E31AD8774700EEAFF4 /* spaceshuttle.jpg in Resources */ = {isa = PBXBuildFile; fileRef = A52046E11AD8774700EEAFF4 /* spaceshuttle.jpg */; };
		A52046E61AD87CC100EEAFF4 /* ClockView.m in Sources */ = {isa = PBXBuildFile; fileRef = A52046E51AD87CC100EEAFF4 /* ClockView.m */; };
		A5B2DAB51AD8BB3700B00BAB /* yay.wav in Resources */ = {isa = PBXBuildFile; fileRef = A5B2DAB41AD8BB3700B00BAB /* yay.wav */; };
/* End PBXBuildFile section */

/* Begin PBXContainerItemProxy section */
		A52046D11AD8768800EEAFF4 /* PBXContainerItemProxy */ = {
			isa = PBXContainerItemProxy;
			containerPortal = A52046AF1AD8768800EEAFF4 /* Project object */;
			proxyType = 1;
			remoteGlobalIDString = A52046B61AD8768800EEAFF4;
			remoteInfo = ClockAlarm;
		};
/* End PBXContainerItemProxy section */

/* Begin PBXFileReference section */
		A52046B71AD8768800EEAFF4 /* ClockAlarm.app */ = {isa = PBXFileReference; explicitFileType = wrapper.application; includeInIndex = 0; path = ClockAlarm.app; sourceTree = BUILT_PRODUCTS_DIR; };
		A52046BB1AD8768800EEAFF4 /* Info.plist */ = {isa = PBXFileReference; lastKnownFileType = text.plist.xml; path = Info.plist; sourceTree = "<group>"; };
		A52046BC1AD8768800EEAFF4 /* main.m */ = {isa = PBXFileReference; lastKnownFileType = sourcecode.c.objc; path = main.m; sourceTree = "<group>"; };
		A52046BE1AD8768800EEAFF4 /* AppDelegate.h */ = {isa = PBXFileReference; lastKnownFileType = sourcecode.c.h; path = AppDelegate.h; sourceTree = "<group>"; };
		A52046BF1AD8768800EEAFF4 /* AppDelegate.m */ = {isa = PBXFileReference; lastKnownFileType = sourcecode.c.objc; path = AppDelegate.m; sourceTree = "<group>"; };
		A52046C11AD8768800EEAFF4 /* ViewController.h */ = {isa = PBXFileReference; lastKnownFileType = sourcecode.c.h; path = ViewController.h; sourceTree = "<group>"; };
		A52046C21AD8768800EEAFF4 /* ViewController.m */ = {isa = PBXFileReference; lastKnownFileType = sourcecode.c.objc; path = ViewController.m; sourceTree = "<group>"; };
		A52046C71AD8768800EEAFF4 /* Images.xcassets */ = {isa = PBXFileReference; lastKnownFileType = folder.assetcatalog; path = Images.xcassets; sourceTree = "<group>"; };
		A52046D01AD8768800EEAFF4 /* ClockAlarmTests.xctest */ = {isa = PBXFileReference; explicitFileType = wrapper.cfbundle; includeInIndex = 0; path = ClockAlarmTests.xctest; sourceTree = BUILT_PRODUCTS_DIR; };
		A52046D51AD8768800EEAFF4 /* Info.plist */ = {isa = PBXFileReference; lastKnownFileType = text.plist.xml; path = Info.plist; sourceTree = "<group>"; };
		A52046D61AD8768800EEAFF4 /* ClockAlarmTests.m */ = {isa = PBXFileReference; lastKnownFileType = sourcecode.c.objc; path = ClockAlarmTests.m; sourceTree = "<group>"; };
		A52046E01AD8774700EEAFF4 /* rainbow-marble.jpg */ = {isa = PBXFileReference; lastKnownFileType = image.jpeg; path = "rainbow-marble.jpg"; sourceTree = "<group>"; };
		A52046E11AD8774700EEAFF4 /* spaceshuttle.jpg */ = {isa = PBXFileReference; lastKnownFileType = image.jpeg; path = spaceshuttle.jpg; sourceTree = "<group>"; };
		A52046E41AD87CC100EEAFF4 /* ClockView.h */ = {isa = PBXFileReference; fileEncoding = 4; lastKnownFileType = sourcecode.c.h; path = ClockView.h; sourceTree = "<group>"; };
		A52046E51AD87CC100EEAFF4 /* ClockView.m */ = {isa = PBXFileReference; fileEncoding = 4; lastKnownFileType = sourcecode.c.objc; path = ClockView.m; sourceTree = "<group>"; };
		A5B2DAB41AD8BB3700B00BAB /* yay.wav */ = {isa = PBXFileReference; lastKnownFileType = audio.wav; path = yay.wav; sourceTree = "<group>"; };
/* End PBXFileReference section */

/* Begin PBXFrameworksBuildPhase section */
		A52046B41AD8768800EEAFF4 /* Frameworks */ = {
			isa = PBXFrameworksBuildPhase;
			buildActionMask = 2147483647;
			files = (
			);
			runOnlyForDeploymentPostprocessing = 0;
		};
		A52046CD1AD8768800EEAFF4 /* Frameworks */ = {
			isa = PBXFrameworksBuildPhase;
			buildActionMask = 2147483647;
			files = (
			);
			runOnlyForDeploymentPostprocessing = 0;
		};
/* End PBXFrameworksBuildPhase section */

/* Begin PBXGroup section */
		A52046AE1AD8768800EEAFF4 = {
			isa = PBXGroup;
			children = (
				A52046B91AD8768800EEAFF4 /* ClockAlarm */,
				A52046D31AD8768800EEAFF4 /* ClockAlarmTests */,
				A52046B81AD8768800EEAFF4 /* Products */,
			);
			sourceTree = "<group>";
		};
		A52046B81AD8768800EEAFF4 /* Products */ = {
			isa = PBXGroup;
			children = (
				A52046B71AD8768800EEAFF4 /* ClockAlarm.app */,
				A52046D01AD8768800EEAFF4 /* ClockAlarmTests.xctest */,
			);
			name = Products;
			sourceTree = "<group>";
		};
		A52046B91AD8768800EEAFF4 /* ClockAlarm */ = {
			isa = PBXGroup;
			children = (
				A5B2DAB41AD8BB3700B00BAB /* yay.wav */,
				A52046E41AD87CC100EEAFF4 /* ClockView.h */,
				A52046E51AD87CC100EEAFF4 /* ClockView.m */,
				A52046E01AD8774700EEAFF4 /* rainbow-marble.jpg */,
				A52046E11AD8774700EEAFF4 /* spaceshuttle.jpg */,
				A52046BE1AD8768800EEAFF4 /* AppDelegate.h */,
				A52046BF1AD8768800EEAFF4 /* AppDelegate.m */,
				A52046C11AD8768800EEAFF4 /* ViewController.h */,
				A52046C21AD8768800EEAFF4 /* ViewController.m */,
				A52046C71AD8768800EEAFF4 /* Images.xcassets */,
				A52046BA1AD8768800EEAFF4 /* Supporting Files */,
			);
			path = ClockAlarm;
			sourceTree = "<group>";
		};
		A52046BA1AD8768800EEAFF4 /* Supporting Files */ = {
			isa = PBXGroup;
			children = (
				A52046BB1AD8768800EEAFF4 /* Info.plist */,
				A52046BC1AD8768800EEAFF4 /* main.m */,
			);
			name = "Supporting Files";
			sourceTree = "<group>";
		};
		A52046D31AD8768800EEAFF4 /* ClockAlarmTests */ = {
			isa = PBXGroup;
			children = (
				A52046D61AD8768800EEAFF4 /* ClockAlarmTests.m */,
				A52046D41AD8768800EEAFF4 /* Supporting Files */,
			);
			path = ClockAlarmTests;
			sourceTree = "<group>";
		};
		A52046D41AD8768800EEAFF4 /* Supporting Files */ = {
			isa = PBXGroup;
			children = (
				A52046D51AD8768800EEAFF4 /* Info.plist */,
			);
			name = "Supporting Files";
			sourceTree = "<group>";
		};
/* End PBXGroup section */

/* Begin PBXNativeTarget section */
		A52046B61AD8768800EEAFF4 /* ClockAlarm */ = {
			isa = PBXNativeTarget;
			buildConfigurationList = A52046DA1AD8768800EEAFF4 /* Build configuration list for PBXNativeTarget "ClockAlarm" */;
			buildPhases = (
				A52046B31AD8768800EEAFF4 /* Sources */,
				A52046B41AD8768800EEAFF4 /* Frameworks */,
				A52046B51AD8768800EEAFF4 /* Resources */,
			);
			buildRules = (
			);
			dependencies = (
			);
			name = ClockAlarm;
			productName = ClockAlarm;
			productReference = A52046B71AD8768800EEAFF4 /* ClockAlarm.app */;
			productType = "com.apple.product-type.application";
		};
		A52046CF1AD8768800EEAFF4 /* ClockAlarmTests */ = {
			isa = PBXNativeTarget;
			buildConfigurationList = A52046DD1AD8768800EEAFF4 /* Build configuration list for PBXNativeTarget "ClockAlarmTests" */;
			buildPhases = (
				A52046CC1AD8768800EEAFF4 /* Sources */,
				A52046CD1AD8768800EEAFF4 /* Frameworks */,
				A52046CE1AD8768800EEAFF4 /* Resources */,
			);
			buildRules = (
			);
			dependencies = (
				A52046D21AD8768800EEAFF4 /* PBXTargetDependency */,
			);
			name = ClockAlarmTests;
			productName = ClockAlarmTests;
			productReference = A52046D01AD8768800EEAFF4 /* ClockAlarmTests.xctest */;
			productType = "com.apple.product-type.bundle.unit-test";
		};
/* End PBXNativeTarget section */

/* Begin PBXProject section */
		A52046AF1AD8768800EEAFF4 /* Project object */ = {
			isa = PBXProject;
			attributes = {
				LastUpgradeCheck = 0620;
				ORGANIZATIONNAME = Doug;
				TargetAttributes = {
					A52046B61AD8768800EEAFF4 = {
						CreatedOnToolsVersion = 6.2;
					};
					A52046CF1AD8768800EEAFF4 = {
						CreatedOnToolsVersion = 6.2;
						TestTargetID = A52046B61AD8768800EEAFF4;
					};
				};
			};
			buildConfigurationList = A52046B21AD8768800EEAFF4 /* Build configuration list for PBXProject "ClockAlarm" */;
			compatibilityVersion = "Xcode 3.2";
			developmentRegion = English;
			hasScannedForEncodings = 0;
			knownRegions = (
				en,
				Base,
			);
			mainGroup = A52046AE1AD8768800EEAFF4;
			productRefGroup = A52046B81AD8768800EEAFF4 /* Products */;
			projectDirPath = "";
			projectRoot = "";
			targets = (
				A52046B61AD8768800EEAFF4 /* ClockAlarm */,
				A52046CF1AD8768800EEAFF4 /* ClockAlarmTests */,
			);
		};
/* End PBXProject section */

/* Begin PBXResourcesBuildPhase section */
		A52046B51AD8768800EEAFF4 /* Resources */ = {
			isa = PBXResourcesBuildPhase;
			buildActionMask = 2147483647;
			files = (
				A52046E31AD8774700EEAFF4 /* spaceshuttle.jpg in Resources */,
				A52046C81AD8768800EEAFF4 /* Images.xcassets in Resources */,
				A5B2DAB51AD8BB3700B00BAB /* yay.wav in Resources */,
				A52046E21AD8774700EEAFF4 /* rainbow-marble.jpg in Resources */,
			);
			runOnlyForDeploymentPostprocessing = 0;
		};
		A52046CE1AD8768800EEAFF4 /* Resources */ = {
			isa = PBXResourcesBuildPhase;
			buildActionMask = 2147483647;
			files = (
			);
			runOnlyForDeploymentPostprocessing = 0;
		};
/* End PBXResourcesBuildPhase section */

/* Begin PBXSourcesBuildPhase section */
		A52046B31AD8768800EEAFF4 /* Sources */ = {
			isa = PBXSourcesBuildPhase;
			buildActionMask = 2147483647;
			files = (
				A52046C31AD8768800EEAFF4 /* ViewController.m in Sources */,
				A52046E61AD87CC100EEAFF4 /* ClockView.m in Sources */,
				A52046C01AD8768800EEAFF4 /* AppDelegate.m in Sources */,
				A52046BD1AD8768800EEAFF4 /* main.m in Sources */,
			);
			runOnlyForDeploymentPostprocessing = 0;
		};
		A52046CC1AD8768800EEAFF4 /* Sources */ = {
			isa = PBXSourcesBuildPhase;
			buildActionMask = 2147483647;
			files = (
				A52046D71AD8768800EEAFF4 /* ClockAlarmTests.m in Sources */,
			);
			runOnlyForDeploymentPostprocessing = 0;
		};
/* End PBXSourcesBuildPhase section */

/* Begin PBXTargetDependency section */
		A52046D21AD8768800EEAFF4 /* PBXTargetDependency */ = {
			isa = PBXTargetDependency;
			target = A52046B61AD8768800EEAFF4 /* ClockAlarm */;
			targetProxy = A52046D11AD8768800EEAFF4 /* PBXContainerItemProxy */;
		};
/* End PBXTargetDependency section */

/* Begin XCBuildConfiguration section */
		A52046D81AD8768800EEAFF4 /* Debug */ = {
			isa = XCBuildConfiguration;
			buildSettings = {
				ALWAYS_SEARCH_USER_PATHS = NO;
				CLANG_CXX_LANGUAGE_STANDARD = "gnu++0x";
				CLANG_CXX_LIBRARY = "libc++";
				CLANG_ENABLE_MODULES = YES;
				CLANG_ENABLE_OBJC_ARC = YES;
				CLANG_WARN_BOOL_CONVERSION = YES;
				CLANG_WARN_CONSTANT_CONVERSION = YES;
				CLANG_WARN_DIRECT_OBJC_ISA_USAGE = YES_ERROR;
				CLANG_WARN_EMPTY_BODY = YES;
				CLANG_WARN_ENUM_CONVERSION = YES;
				CLANG_WARN_INT_CONVERSION = YES;
				CLANG_WARN_OBJC_ROOT_CLASS = YES_ERROR;
				CLANG_WARN_UNREACHABLE_CODE = YES;
				CLANG_WARN__DUPLICATE_METHOD_MATCH = YES;
				"CODE_SIGN_IDENTITY[sdk=iphoneos*]" = "iPhone Developer";
				COPY_PHASE_STRIP = NO;
				ENABLE_STRICT_OBJC_MSGSEND = YES;
				GCC_C_LANGUAGE_STANDARD = gnu99;
				GCC_DYNAMIC_NO_PIC = NO;
				GCC_OPTIMIZATION_LEVEL = 0;
				GCC_PREPROCESSOR_DEFINITIONS = (
					"DEBUG=1",
					"$(inherited)",
				);
				GCC_SYMBOLS_PRIVATE_EXTERN = NO;
				GCC_WARN_64_TO_32_BIT_CONVERSION = YES;
				GCC_WARN_ABOUT_RETURN_TYPE = YES_ERROR;
				GCC_WARN_UNDECLARED_SELECTOR = YES;
				GCC_WARN_UNINITIALIZED_AUTOS = YES_AGGRESSIVE;
				GCC_WARN_UNUSED_FUNCTION = YES;
				GCC_WARN_UNUSED_VARIABLE = YES;
				IPHONEOS_DEPLOYMENT_TARGET = 8.2;
				MTL_ENABLE_DEBUG_INFO = YES;
				ONLY_ACTIVE_ARCH = YES;
				SDKROOT = iphoneos;
				TARGETED_DEVICE_FAMILY = "1,2";
			};
			name = Debug;
		};
		A52046D91AD8768800EEAFF4 /* Release */ = {
			isa = XCBuildConfiguration;
			buildSettings = {
				ALWAYS_SEARCH_USER_PATHS = NO;
				CLANG_CXX_LANGUAGE_STANDARD = "gnu++0x";
				CLANG_CXX_LIBRARY = "libc++";
				CLANG_ENABLE_MODULES = YES;
				CLANG_ENABLE_OBJC_ARC = YES;
				CLANG_WARN_BOOL_CONVERSION = YES;
				CLANG_WARN_CONSTANT_CONVERSION = YES;
				CLANG_WARN_DIRECT_OBJC_ISA_USAGE = YES_ERROR;
				CLANG_WARN_EMPTY_BODY = YES;
				CLANG_WARN_ENUM_CONVERSION = YES;
				CLANG_WARN_INT_CONVERSION = YES;
				CLANG_WARN_OBJC_ROOT_CLASS = YES_ERROR;
				CLANG_WARN_UNREACHABLE_CODE = YES;
				CLANG_WARN__DUPLICATE_METHOD_MATCH = YES;
				"CODE_SIGN_IDENTITY[sdk=iphoneos*]" = "iPhone Developer";
				COPY_PHASE_STRIP = NO;
				ENABLE_NS_ASSERTIONS = NO;
				ENABLE_STRICT_OBJC_MSGSEND = YES;
				GCC_C_LANGUAGE_STANDARD = gnu99;
				GCC_WARN_64_TO_32_BIT_CONVERSION = YES;
				GCC_WARN_ABOUT_RETURN_TYPE = YES_ERROR;
				GCC_WARN_UNDECLARED_SELECTOR = YES;
				GCC_WARN_UNINITIALIZED_AUTOS = YES_AGGRESSIVE;
				GCC_WARN_UNUSED_FUNCTION = YES;
				GCC_WARN_UNUSED_VARIABLE = YES;
				IPHONEOS_DEPLOYMENT_TARGET = 8.2;
				MTL_ENABLE_DEBUG_INFO = NO;
				SDKROOT = iphoneos;
				TARGETED_DEVICE_FAMILY = "1,2";
				VALIDATE_PRODUCT = YES;
			};
			name = Release;
		};
		A52046DB1AD8768800EEAFF4 /* Debug */ = {
			isa = XCBuildConfiguration;
			buildSettings = {
				ASSETCATALOG_COMPILER_APPICON_NAME = AppIcon;
				INFOPLIST_FILE = ClockAlarm/Info.plist;
				IPHONEOS_DEPLOYMENT_TARGET = 8.1;
				LD_RUNPATH_SEARCH_PATHS = "$(inherited) @executable_path/Frameworks";
				PRODUCT_NAME = "$(TARGET_NAME)";
			};
			name = Debug;
		};
		A52046DC1AD8768800EEAFF4 /* Release */ = {
			isa = XCBuildConfiguration;
			buildSettings = {
				ASSETCATALOG_COMPILER_APPICON_NAME = AppIcon;
				INFOPLIST_FILE = ClockAlarm/Info.plist;
				IPHONEOS_DEPLOYMENT_TARGET = 8.1;
				LD_RUNPATH_SEARCH_PATHS = "$(inherited) @executable_path/Frameworks";
				PRODUCT_NAME = "$(TARGET_NAME)";
			};
			name = Release;
		};
		A52046DE1AD8768800EEAFF4 /* Debug */ = {
			isa = XCBuildConfiguration;
			buildSettings = {
				BUNDLE_LOADER = "$(TEST_HOST)";
				FRAMEWORK_SEARCH_PATHS = (
					"$(SDKROOT)/Developer/Library/Frameworks",
					"$(inherited)",
				);
				GCC_PREPROCESSOR_DEFINITIONS = (
					"DEBUG=1",
					"$(inherited)",
				);
				INFOPLIST_FILE = ClockAlarmTests/Info.plist;
				LD_RUNPATH_SEARCH_PATHS = "$(inherited) @executable_path/Frameworks @loader_path/Frameworks";
				PRODUCT_NAME = "$(TARGET_NAME)";
				TEST_HOST = "$(BUILT_PRODUCTS_DIR)/ClockAlarm.app/ClockAlarm";
			};
			name = Debug;
		};
		A52046DF1AD8768800EEAFF4 /* Release */ = {
			isa = XCBuildConfiguration;
			buildSettings = {
				BUNDLE_LOADER = "$(TEST_HOST)";
				FRAMEWORK_SEARCH_PATHS = (
					"$(SDKROOT)/Developer/Library/Frameworks",
					"$(inherited)",
				);
				INFOPLIST_FILE = ClockAlarmTests/Info.plist;
				LD_RUNPATH_SEARCH_PATHS = "$(inherited) @executable_path/Frameworks @loader_path/Frameworks";
				PRODUCT_NAME = "$(TARGET_NAME)";
				TEST_HOST = "$(BUILT_PRODUCTS_DIR)/ClockAlarm.app/ClockAlarm";
			};
			name = Release;
		};
/* End XCBuildConfiguration section */

/* Begin XCConfigurationList section */
		A52046B21AD8768800EEAFF4 /* Build configuration list for PBXProject "ClockAlarm" */ = {
			isa = XCConfigurationList;
			buildConfigurations = (
				A52046D81AD8768800EEAFF4 /* Debug */,
				A52046D91AD8768800EEAFF4 /* Release */,
			);
			defaultConfigurationIsVisible = 0;
			defaultConfigurationName = Release;
		};
		A52046DA1AD8768800EEAFF4 /* Build configuration list for PBXNativeTarget "ClockAlarm" */ = {
			isa = XCConfigurationList;
			buildConfigurations = (
				A52046DB1AD8768800EEAFF4 /* Debug */,
				A52046DC1AD8768800EEAFF4 /* Release */,
			);
			defaultConfigurationIsVisible = 0;
			defaultConfigurationName = Release;
		};
		A52046DD1AD8768800EEAFF4 /* Build configuration list for PBXNativeTarget "ClockAlarmTests" */ = {
			isa = XCConfigurationList;
			buildConfigurations = (
				A52046DE1AD8768800EEAFF4 /* Debug */,
				A52046DF1AD8768800EEAFF4 /* Release */,
			);
			defaultConfigurationIsVisible = 0;
			defaultConfigurationName = Release;
		};
/* End XCConfigurationList section */
	};
	rootObject = A52046AF1AD8768800EEAFF4 /* Project object */;
}
